// !$*UTF8*$!
{
	archiveVersion = 1;
	classes = {};
	objectVersion = 77;
	objects = {

/* Begin PBXBuildFile section */
		A00000000000000000000001 /* ProjectGovernorFixtureApp.swift in Sources */ = {isa = PBXBuildFile; fileRef = A00000000000000000000010 /* ProjectGovernorFixtureApp.swift */; };
		A00000000000000000000002 /* ContentView.swift in Sources */ = {isa = PBXBuildFile; fileRef = A00000000000000000000011 /* ContentView.swift */; };
		A00000000000000000000003 /* Localizable.strings in Resources */ = {isa = PBXBuildFile; fileRef = A00000000000000000000014 /* Localizable.strings */; };
		A00000000000000000000004 /* ProjectGovernorFixtureUITests.swift in Sources */ = {isa = PBXBuildFile; fileRef = A00000000000000000000012 /* ProjectGovernorFixtureUITests.swift */; };
/* End PBXBuildFile section */

/* Begin PBXContainerItemProxy section */
		A00000000000000000000030 = {isa = PBXContainerItemProxy; containerPortal = A00000000000000000000040 /* Project object */; proxyType = 1; remoteGlobalIDString = A00000000000000000000020; remoteInfo = ProjectGovernorFixture; };
/* End PBXContainerItemProxy section */

/* Begin PBXFileReference section */
		A00000000000000000000010 /* ProjectGovernorFixtureApp.swift */ = {isa = PBXFileReference; lastKnownFileType = sourcecode.swift; path = ProjectGovernorFixtureApp.swift; sourceTree = "<group>"; };
		A00000000000000000000011 /* ContentView.swift */ = {isa = PBXFileReference; lastKnownFileType = sourcecode.swift; path = ContentView.swift; sourceTree = "<group>"; };
		A00000000000000000000012 /* ProjectGovernorFixtureUITests.swift */ = {isa = PBXFileReference; lastKnownFileType = sourcecode.swift; path = ProjectGovernorFixtureUITests.swift; sourceTree = "<group>"; };
		A00000000000000000000015 /* en */ = {isa = PBXFileReference; lastKnownFileType = text.plist.strings; name = en; path = en.lproj/Localizable.strings; sourceTree = "<group>"; };
		A00000000000000000000016 /* zh-Hans */ = {isa = PBXFileReference; lastKnownFileType = text.plist.strings; name = "zh-Hans"; path = "zh-Hans.lproj/Localizable.strings"; sourceTree = "<group>"; };
		A00000000000000000000017 /* ProjectGovernorFixture.app */ = {isa = PBXFileReference; explicitFileType = wrapper.application; includeInIndex = 0; path = ProjectGovernorFixture.app; sourceTree = BUILT_PRODUCTS_DIR; };
		A00000000000000000000018 /* ProjectGovernorFixtureUITests.xctest */ = {isa = PBXFileReference; explicitFileType = wrapper.cfbundle; includeInIndex = 0; path = ProjectGovernorFixtureUITests.xctest; sourceTree = BUILT_PRODUCTS_DIR; };
/* End PBXFileReference section */

/* Begin PBXFrameworksBuildPhase section */
		A00000000000000000000050 = {isa = PBXFrameworksBuildPhase; buildActionMask = 2147483647; files = (); runOnlyForDeploymentPostprocessing = 0; };
		A00000000000000000000051 = {isa = PBXFrameworksBuildPhase; buildActionMask = 2147483647; files = (); runOnlyForDeploymentPostprocessing = 0; };
/* End PBXFrameworksBuildPhase section */

/* Begin PBXGroup section */
		A00000000000000000000060 = {isa = PBXGroup; children = (A00000000000000000000061 /* ProjectGovernorFixture */, A00000000000000000000062 /* ProjectGovernorFixtureUITests */, A00000000000000000000063 /* Products */); sourceTree = "<group>"; };
		A00000000000000000000061 /* ProjectGovernorFixture */ = {isa = PBXGroup; path = ProjectGovernorFixture; sourceTree = "<group>"; children = (A00000000000000000000010 /* ProjectGovernorFixtureApp.swift */, A00000000000000000000011 /* ContentView.swift */, A00000000000000000000014 /* Localizable.strings */); };
		A00000000000000000000062 /* ProjectGovernorFixtureUITests */ = {isa = PBXGroup; path = ProjectGovernorFixtureUITests; sourceTree = "<group>"; children = (A00000000000000000000012 /* ProjectGovernorFixtureUITests.swift */); };
		A00000000000000000000063 /* Products */ = {isa = PBXGroup; name = Products; sourceTree = "<group>"; children = (A00000000000000000000017 /* ProjectGovernorFixture.app */, A00000000000000000000018 /* ProjectGovernorFixtureUITests.xctest */); };
/* End PBXGroup section */

/* Begin PBXNativeTarget section */
		A00000000000000000000020 /* ProjectGovernorFixture */ = {isa = PBXNativeTarget; buildConfigurationList = A00000000000000000000090; buildPhases = (A00000000000000000000070, A00000000000000000000050, A00000000000000000000072); buildRules = (); dependencies = (); name = ProjectGovernorFixture; productName = ProjectGovernorFixture; productReference = A00000000000000000000017; productType = "com.apple.product-type.application"; };
		A00000000000000000000021 /* ProjectGovernorFixtureUITests */ = {isa = PBXNativeTarget; buildConfigurationList = A00000000000000000000091; buildPhases = (A00000000000000000000071, A00000000000000000000051); buildRules = (); dependencies = (A00000000000000000000031); name = ProjectGovernorFixtureUITests; productName = ProjectGovernorFixtureUITests; productReference = A00000000000000000000018; productType = "com.apple.product-type.bundle.ui-testing"; };
/* End PBXNativeTarget section */

/* Begin PBXProject section */
		A00000000000000000000040 /* Project object */ = {isa = PBXProject; attributes = {BuildIndependentTargetsInParallel = 1; LastSwiftUpdateCheck = 2600; LastUpgradeCheck = 2600; TargetAttributes = {A00000000000000000000020 = {CreatedOnToolsVersion = 26.0;}; A00000000000000000000021 = {CreatedOnToolsVersion = 26.0; TestTargetID = A00000000000000000000020;};};}; buildConfigurationList = A00000000000000000000092; compatibilityVersion = "Xcode 16.0"; developmentRegion = en; hasScannedForEncodings = 0; knownRegions = (en, Base, "zh-Hans"); mainGroup = A00000000000000000000060; productRefGroup = A00000000000000000000063; projectDirPath = ""; projectRoot = ""; targets = (A00000000000000000000020, A00000000000000000000021); };
/* End PBXProject section */

/* Begin PBXResourcesBuildPhase section */
		A00000000000000000000072 = {isa = PBXResourcesBuildPhase; buildActionMask = 2147483647; files = (A00000000000000000000003 /* Localizable.strings in Resources */); runOnlyForDeploymentPostprocessing = 0; };
/* End PBXResourcesBuildPhase section */

/* Begin PBXSourcesBuildPhase section */
		A00000000000000000000070 = {isa = PBXSourcesBuildPhase; buildActionMask = 2147483647; files = (A00000000000000000000001, A00000000000000000000002); runOnlyForDeploymentPostprocessing = 0; };
		A00000000000000000000071 = {isa = PBXSourcesBuildPhase; buildActionMask = 2147483647; files = (A00000000000000000000004); runOnlyForDeploymentPostprocessing = 0; };
/* End PBXSourcesBuildPhase section */

/* Begin PBXTargetDependency section */
		A00000000000000000000031 = {isa = PBXTargetDependency; target = A00000000000000000000020; targetProxy = A00000000000000000000030; };
/* End PBXTargetDependency section */

/* Begin PBXVariantGroup section */
		A00000000000000000000014 /* Localizable.strings */ = {isa = PBXVariantGroup; children = (A00000000000000000000015 /* en */, A00000000000000000000016 /* zh-Hans */); name = Localizable.strings; sourceTree = "<group>"; };
/* End PBXVariantGroup section */

/* Begin XCBuildConfiguration section */
		A00000000000000000000080 = {isa = XCBuildConfiguration; buildSettings = {ALWAYS_SEARCH_USER_PATHS = NO; CLANG_ENABLE_MODULES = YES; IPHONEOS_DEPLOYMENT_TARGET = 17.0; SDKROOT = iphoneos; SWIFT_VERSION = 5.0;}; name = Debug; };
		A00000000000000000000081 = {isa = XCBuildConfiguration; buildSettings = {ALWAYS_SEARCH_USER_PATHS = NO; CLANG_ENABLE_MODULES = YES; IPHONEOS_DEPLOYMENT_TARGET = 17.0; SDKROOT = iphoneos; SWIFT_VERSION = 5.0;}; name = Release; };
		A00000000000000000000082 = {isa = XCBuildConfiguration; buildSettings = {ASSETCATALOG_COMPILER_APPICON_NAME = AppIcon; CODE_SIGN_STYLE = Automatic; CURRENT_PROJECT_VERSION = 1; GENERATE_INFOPLIST_FILE = YES; INFOPLIST_KEY_CFBundleDisplayName = ProjectGovernorFixture; INFOPLIST_KEY_UILaunchScreen_Generation = YES; IPHONEOS_DEPLOYMENT_TARGET = 17.0; MARKETING_VERSION = 1.0; PRODUCT_BUNDLE_IDENTIFIER = com.example.ProjectGovernorFixture; PRODUCT_NAME = "$(TARGET_NAME)"; SWIFT_EMIT_LOC_STRINGS = YES; SWIFT_VERSION = 5.0; TARGETED_DEVICE_FAMILY = "1,2";}; name = Debug; };
		A00000000000000000000083 = {isa = XCBuildConfiguration; buildSettings = {ASSETCATALOG_COMPILER_APPICON_NAME = AppIcon; CODE_SIGN_STYLE = Automatic; CURRENT_PROJECT_VERSION = 1; GENERATE_INFOPLIST_FILE = YES; INFOPLIST_KEY_CFBundleDisplayName = ProjectGovernorFixture; INFOPLIST_KEY_UILaunchScreen_Generation = YES; IPHONEOS_DEPLOYMENT_TARGET = 17.0; MARKETING_VERSION = 1.0; PRODUCT_BUNDLE_IDENTIFIER = com.example.ProjectGovernorFixture; PRODUCT_NAME = "$(TARGET_NAME)"; SWIFT_EMIT_LOC_STRINGS = YES; SWIFT_VERSION = 5.0; TARGETED_DEVICE_FAMILY = "1,2";}; name = Release; };
		A00000000000000000000084 = {isa = XCBuildConfiguration; buildSettings = {CODE_SIGN_STYLE = Automatic; GENERATE_INFOPLIST_FILE = YES; IPHONEOS_DEPLOYMENT_TARGET = 17.0; PRODUCT_BUNDLE_IDENTIFIER = com.example.ProjectGovernorFixtureUITests; PRODUCT_NAME = "$(TARGET_NAME)"; SWIFT_VERSION = 5.0; TARGETED_DEVICE_FAMILY = "1,2"; TEST_TARGET_NAME = ProjectGovernorFixture;}; name = Debug; };
		A00000000000000000000085 = {isa = XCBuildConfiguration; buildSettings = {CODE_SIGN_STYLE = Automatic; GENERATE_INFOPLIST_FILE = YES; IPHONEOS_DEPLOYMENT_TARGET = 17.0; PRODUCT_BUNDLE_IDENTIFIER = com.example.ProjectGovernorFixtureUITests; PRODUCT_NAME = "$(TARGET_NAME)"; SWIFT_VERSION = 5.0; TARGETED_DEVICE_FAMILY = "1,2"; TEST_TARGET_NAME = ProjectGovernorFixture;}; name = Release; };
/* End XCBuildConfiguration section */

/* Begin XCConfigurationList section */
		A00000000000000000000090 = {isa = XCConfigurationList; buildConfigurations = (A00000000000000000000082, A00000000000000000000083); defaultConfigurationIsVisible = 0; defaultConfigurationName = Release; };
		A00000000000000000000091 = {isa = XCConfigurationList; buildConfigurations = (A00000000000000000000084, A00000000000000000000085); defaultConfigurationIsVisible = 0; defaultConfigurationName = Release; };
		A00000000000000000000092 = {isa = XCConfigurationList; buildConfigurations = (A00000000000000000000080, A00000000000000000000081); defaultConfigurationIsVisible = 0; defaultConfigurationName = Release; };
/* End XCConfigurationList section */
	};
	rootObject = A00000000000000000000040 /* Project object */;
}
